
Microsoft Visual Studio Solution File, Format Version 12.00
# Visual Studio Version 17
VisualStudioVersion = 17.0.31903.59
MinimumVisualStudioVersion = 10.0.40219.1
Project("{FAE04EC0-301F-11D3-BF4B-00C04F79EFBC}") = "JIL", "JIL\JIL.csproj", "{4C05D15F-4C70-42D9-8337-53929F58BC39}"
EndProject
Project("{FAE04EC0-301F-11D3-BF4B-00C04F79EFBC}") = "JIL.EFCore", "EFCore\JIL.EFCore.csproj", "{C12169F1-1213-46AF-9AD8-66AB7FEDD330}"
EndProject
Project("{FAE04EC0-301F-11D3-BF4B-00C04F79EFBC}") = "JIL.Messaging.Consumer", "Messaging.Consumer\JIL.Messaging.Consumer.csproj", "{10C083B9-41B6-440D-A8C6-3376A19D6EE0}"
EndProject
Project("{FAE04EC0-301F-11D3-BF4B-00C04F79EFBC}") = "JIL.Messaging.Publisher", "Messaging.Publisher\JIL.Messaging.Publisher.csproj", "{CED4B4E4-5A62-425E-9E28-0DDBBB29DB3D}"
EndProject
Project("{FAE04EC0-301F-11D3-BF4B-00C04F79EFBC}") = "JIL.Messaging.Server", "Messaging.Server\JIL.Messaging.Server.csproj", "{10B27F29-E118-45B2-8056-215DDEA398AD}"
EndProject
Project("{FAE04EC0-301F-11D3-BF4B-00C04F79EFBC}") = "JIL.WebAPI", "WebAPI\JIL.WebAPI.csproj", "{33DAA321-D42F-4FDE-B127-989940A65D8C}"
EndProject
Project("{FAE04EC0-301F-11D3-BF4B-00C04F79EFBC}") = "JIL.WebAPI.Server", "WebAPI.Server\JIL.WebAPI.Server.csproj", "{79898CD8-103F-4090-9C49-098217C725AD}"
EndProject
Project("{FAE04EC0-301F-11D3-BF4B-00C04F79EFBC}") = "JIL.EFCore.PostgreSQL", "EFCore.PostgreSQL\JIL.EFCore.PostgreSQL.csproj", "{B7F468F7-C2DD-4EB8-9230-BC4868F1837F}"
EndProject
Project("{FAE04EC0-301F-11D3-BF4B-00C04F79EFBC}") = "JIL.WebAPI.Host", "WebAPI.Host\JIL.WebAPI.Host.csproj", "{ABB78863-A140-4F21-8337-DA59C02A00F2}"
EndProject
Global
	GlobalSection(SolutionConfigurationPlatforms) = preSolution
		Debug|Any CPU = Debug|Any CPU
		Release|Any CPU = Release|Any CPU
	EndGlobalSection
	GlobalSection(SolutionProperties) = preSolution
		HideSolutionNode = FALSE
	EndGlobalSection
	GlobalSection(ProjectConfigurationPlatforms) = postSolution
		{4C05D15F-4C70-42D9-8337-53929F58BC39}.Debug|Any CPU.ActiveCfg = Debug|Any CPU
		{4C05D15F-4C70-42D9-8337-53929F58BC39}.Debug|Any CPU.Build.0 = Debug|Any CPU
		{4C05D15F-4C70-42D9-8337-53929F58BC39}.Release|Any CPU.ActiveCfg = Release|Any CPU
		{4C05D15F-4C70-42D9-8337-53929F58BC39}.Release|Any CPU.Build.0 = Release|Any CPU
		{C12169F1-1213-46AF-9AD8-66AB7FEDD330}.Debug|Any CPU.ActiveCfg = Debug|Any CPU
		{C12169F1-1213-46AF-9AD8-66AB7FEDD330}.Debug|Any CPU.Build.0 = Debug|Any CPU
		{C12169F1-1213-46AF-9AD8-66AB7FEDD330}.Release|Any CPU.ActiveCfg = Release|Any CPU
		{C12169F1-1213-46AF-9AD8-66AB7FEDD330}.Release|Any CPU.Build.0 = Release|Any CPU
		{10C083B9-41B6-440D-A8C6-3376A19D6EE0}.Debug|Any CPU.ActiveCfg = Debug|Any CPU
		{10C083B9-41B6-440D-A8C6-3376A19D6EE0}.Debug|Any CPU.Build.0 = Debug|Any CPU
		{10C083B9-41B6-440D-A8C6-3376A19D6EE0}.Release|Any CPU.ActiveCfg = Release|Any CPU
		{10C083B9-41B6-440D-A8C6-3376A19D6EE0}.Release|Any CPU.Build.0 = Release|Any CPU
		{CED4B4E4-5A62-425E-9E28-0DDBBB29DB3D}.Debug|Any CPU.ActiveCfg = Debug|Any CPU
		{CED4B4E4-5A62-425E-9E28-0DDBBB29DB3D}.Debug|Any CPU.Build.0 = Debug|Any CPU
		{CED4B4E4-5A62-425E-9E28-0DDBBB29DB3D}.Release|Any CPU.ActiveCfg = Release|Any CPU
		{CED4B4E4-5A62-425E-9E28-0DDBBB29DB3D}.Release|Any CPU.Build.0 = Release|Any CPU
		{10B27F29-E118-45B2-8056-215DDEA398AD}.Debug|Any CPU.ActiveCfg = Debug|Any CPU
		{10B27F29-E118-45B2-8056-215DDEA398AD}.Debug|Any CPU.Build.0 = Debug|Any CPU
		{10B27F29-E118-45B2-8056-215DDEA398AD}.Release|Any CPU.ActiveCfg = Release|Any CPU
		{10B27F29-E118-45B2-8056-215DDEA398AD}.Release|Any CPU.Build.0 = Release|Any CPU
		{33DAA321-D42F-4FDE-B127-989940A65D8C}.Debug|Any CPU.ActiveCfg = Debug|Any CPU
		{33DAA321-D42F-4FDE-B127-989940A65D8C}.Debug|Any CPU.Build.0 = Debug|Any CPU
		{33DAA321-D42F-4FDE-B127-989940A65D8C}.Release|Any CPU.ActiveCfg = Release|Any CPU
		{33DAA321-D42F-4FDE-B127-989940A65D8C}.Release|Any CPU.Build.0 = Release|Any CPU
		{79898CD8-103F-4090-9C49-098217C725AD}.Debug|Any CPU.ActiveCfg = Debug|Any CPU
		{79898CD8-103F-4090-9C49-098217C725AD}.Debug|Any CPU.Build.0 = Debug|Any CPU
		{79898CD8-103F-4090-9C49-098217C725AD}.Release|Any CPU.ActiveCfg = Release|Any CPU
		{79898CD8-103F-4090-9C49-098217C725AD}.Release|Any CPU.Build.0 = Release|Any CPU
		{B7F468F7-C2DD-4EB8-9230-BC4868F1837F}.Debug|Any CPU.ActiveCfg = Debug|Any CPU
		{B7F468F7-C2DD-4EB8-9230-BC4868F1837F}.Debug|Any CPU.Build.0 = Debug|Any CPU
		{B7F468F7-C2DD-4EB8-9230-BC4868F1837F}.Release|Any CPU.ActiveCfg = Release|Any CPU
		{B7F468F7-C2DD-4EB8-9230-BC4868F1837F}.Release|Any CPU.Build.0 = Release|Any CPU
		{ABB78863-A140-4F21-8337-DA59C02A00F2}.Debug|Any CPU.ActiveCfg = Debug|Any CPU
		{ABB78863-A140-4F21-8337-DA59C02A00F2}.Debug|Any CPU.Build.0 = Debug|Any CPU
		{ABB78863-A140-4F21-8337-DA59C02A00F2}.Release|Any CPU.ActiveCfg = Release|Any CPU
		{ABB78863-A140-4F21-8337-DA59C02A00F2}.Release|Any CPU.Build.0 = Release|Any CPU
	EndGlobalSection
EndGlobal
